
Microsoft Visual Studio Solution File, Format Version 12.00
# Visual Studio Version 17
VisualStudioVersion = 17.7.34024.191
MinimumVisualStudioVersion = 10.0.40219.1
Project("{2150E333-8FDC-42A3-9474-1A3956D46DE8}") = "src", "src", "{2A78E76D-86D8-4D63-8DDC-17EC3DE309BF}"
EndProject
Project("{2150E333-8FDC-42A3-9474-1A3956D46DE8}") = "tests", "tests", "{3F7A8369-3CA4-4EB6-9B2B-9B7568E8B261}"
EndProject
Project("{FAE04EC0-301F-11D3-BF4B-00C04F79EFBC}") = "Messaging", "src\Messaging\Messaging.csproj", "{679024DE-2854-404D-82B6-EC9D401736EB}"
EndProject
Global
	GlobalSection(SolutionConfigurationPlatforms) = preSolution
		Debug|Any CPU = Debug|Any CPU
		Release|Any CPU = Release|Any CPU
	EndGlobalSection
	GlobalSection(ProjectConfigurationPlatforms) = postSolution
		{679024DE-2854-404D-82B6-EC9D401736EB}.Debug|Any CPU.ActiveCfg = Debug|Any CPU
		{679024DE-2854-404D-82B6-EC9D401736EB}.Debug|Any CPU.Build.0 = Debug|Any CPU
		{679024DE-2854-404D-82B6-EC9D401736EB}.Release|Any CPU.ActiveCfg = Release|Any CPU
		{679024DE-2854-404D-82B6-EC9D401736EB}.Release|Any CPU.Build.0 = Release|Any CPU
	EndGlobalSection
	GlobalSection(SolutionProperties) = preSolution
		HideSolutionNode = FALSE
	EndGlobalSection
	GlobalSection(NestedProjects) = preSolution
		{679024DE-2854-404D-82B6-EC9D401736EB} = {2A78E76D-86D8-4D63-8DDC-17EC3DE309BF}
	EndGlobalSection
	GlobalSection(ExtensibilityGlobals) = postSolution
		SolutionGuid = {753C55DB-AAC9-47BB-92FA-934C4ABA5B05}
	EndGlobalSection
EndGlobal
